
Microsoft Visual Studio Solution File, Format Version 12.00
# Visual Studio Version 17
VisualStudioVersion = 17.6.33829.357
MinimumVisualStudioVersion = 10.0.40219.1
Project("{FAE04EC0-301F-11D3-BF4B-00C04F79EFBC}") = "reportinge", "reportinge\reportinge.csproj", "{28F9CB9F-19AC-41C8-B025-67C7CB468397}"
EndProject
Global
	GlobalSection(SolutionConfigurationPlatforms) = preSolution
		Debug|Any CPU = Debug|Any CPU
		Release|Any CPU = Release|Any CPU
	EndGlobalSection
	GlobalSection(ProjectConfigurationPlatforms) = postSolution
		{28F9CB9F-19AC-41C8-B025-67C7CB468397}.Debug|Any CPU.ActiveCfg = Debug|Any CPU
		{28F9CB9F-19AC-41C8-B025-67C7CB468397}.Debug|Any CPU.Build.0 = Debug|Any CPU
		{28F9CB9F-19AC-41C8-B025-67C7CB468397}.Release|Any CPU.ActiveCfg = Release|Any CPU
		{28F9CB9F-19AC-41C8-B025-67C7CB468397}.Release|Any CPU.Build.0 = Release|Any CPU
	EndGlobalSection
	GlobalSection(SolutionProperties) = preSolution
		HideSolutionNode = FALSE
	EndGlobalSection
	GlobalSection(ExtensibilityGlobals) = postSolution
		SolutionGuid = {D94812BE-0FC0-4A50-B929-1F5680AB8CFF}
	EndGlobalSection
EndGlobal
